
Microsoft Visual Studio Solution File, Format Version 12.00
# Visual Studio Version 17
VisualStudioVersion = 17.14.36717.8 d17.14
MinimumVisualStudioVersion = 10.0.40219.1
Project("{2150E333-8FDC-42A3-9474-1A3956D46DE8}") = "src", "src", "{02EA681E-C7D8-13C7-8484-4AC65E1B71E8}"
EndProject
Project("{2150E333-8FDC-42A3-9474-1A3956D46DE8}") = "CatalogService", "CatalogService", "{3B362ACA-B825-447F-AC8F-9BC29258F673}"
EndProject
Project("{FAE04EC0-301F-11D3-BF4B-00C04F79EFBC}") = "CatalogService.API", "CatalogService.API\CatalogService.API.csproj", "{5C364D51-7E7B-45E5-916A-5E5716ECFE83}"
EndProject
Project("{FAE04EC0-301F-11D3-BF4B-00C04F79EFBC}") = "CatalogService.Application", "CatalogService.Application\CatalogService.Application.csproj", "{2DDB675F-7827-4AA9-938E-A39C3D7E8AAD}"
EndProject
Project("{FAE04EC0-301F-11D3-BF4B-00C04F79EFBC}") = "CatalogService.Domain", "CatalogService.Domain\CatalogService.Domain.csproj", "{01809D6D-2C4A-4606-817A-67AD50DE974E}"
EndProject
Project("{FAE04EC0-301F-11D3-BF4B-00C04F79EFBC}") = "CatalogService.Infrastructure", "CatalogService.Infrastructure\CatalogService.Infrastructure.csproj", "{99F72010-4666-478F-89BB-2F8B01CC983F}"
EndProject
Project("{2150E333-8FDC-42A3-9474-1A3956D46DE8}") = "PaymentService", "PaymentService", "{E5B35BAD-E98C-41C9-B2B8-76FC0F17D9E7}"
EndProject
Project("{FAE04EC0-301F-11D3-BF4B-00C04F79EFBC}") = "PaymentService.API", "PaymentService.API\PaymentService.API.csproj", "{A2F9B156-3B15-4A07-B157-328F8D97B1A9}"
EndProject
Project("{FAE04EC0-301F-11D3-BF4B-00C04F79EFBC}") = "PaymentService.Application", "PaymentService.Application\PaymentService.Application.csproj", "{995F251A-EA78-4C1B-AF35-E5B41A2C1E40}"
EndProject
Project("{FAE04EC0-301F-11D3-BF4B-00C04F79EFBC}") = "PaymentService.Domain", "PaymentService.Domain\PaymentService.Domain.csproj", "{AB9B5DDF-E724-47BC-ACB6-A1C911717AEA}"
EndProject
Project("{FAE04EC0-301F-11D3-BF4B-00C04F79EFBC}") = "PaymentService.Infrastructure", "PaymentService.Infrastructure\PaymentService.Infrastructure.csproj", "{7FC191AD-E24C-4CA9-89AB-E215FB0E8FB6}"
EndProject
Global
	GlobalSection(SolutionConfigurationPlatforms) = preSolution
		Debug|Any CPU = Debug|Any CPU
		Release|Any CPU = Release|Any CPU
	EndGlobalSection
	GlobalSection(ProjectConfigurationPlatforms) = postSolution
		{5C364D51-7E7B-45E5-916A-5E5716ECFE83}.Debug|Any CPU.ActiveCfg = Debug|Any CPU
		{5C364D51-7E7B-45E5-916A-5E5716ECFE83}.Debug|Any CPU.Build.0 = Debug|Any CPU
		{5C364D51-7E7B-45E5-916A-5E5716ECFE83}.Release|Any CPU.ActiveCfg = Release|Any CPU
		{5C364D51-7E7B-45E5-916A-5E5716ECFE83}.Release|Any CPU.Build.0 = Release|Any CPU
		{2DDB675F-7827-4AA9-938E-A39C3D7E8AAD}.Debug|Any CPU.ActiveCfg = Debug|Any CPU
		{2DDB675F-7827-4AA9-938E-A39C3D7E8AAD}.Debug|Any CPU.Build.0 = Debug|Any CPU
		{2DDB675F-7827-4AA9-938E-A39C3D7E8AAD}.Release|Any CPU.ActiveCfg = Release|Any CPU
		{2DDB675F-7827-4AA9-938E-A39C3D7E8AAD}.Release|Any CPU.Build.0 = Release|Any CPU
		{01809D6D-2C4A-4606-817A-67AD50DE974E}.Debug|Any CPU.ActiveCfg = Debug|Any CPU
		{01809D6D-2C4A-4606-817A-67AD50DE974E}.Debug|Any CPU.Build.0 = Debug|Any CPU
		{01809D6D-2C4A-4606-817A-67AD50DE974E}.Release|Any CPU.ActiveCfg = Release|Any CPU
		{01809D6D-2C4A-4606-817A-67AD50DE974E}.Release|Any CPU.Build.0 = Release|Any CPU
		{99F72010-4666-478F-89BB-2F8B01CC983F}.Debug|Any CPU.ActiveCfg = Debug|Any CPU
		{99F72010-4666-478F-89BB-2F8B01CC983F}.Debug|Any CPU.Build.0 = Debug|Any CPU
		{99F72010-4666-478F-89BB-2F8B01CC983F}.Release|Any CPU.ActiveCfg = Release|Any CPU
		{99F72010-4666-478F-89BB-2F8B01CC983F}.Release|Any CPU.Build.0 = Release|Any CPU
		{A2F9B156-3B15-4A07-B157-328F8D97B1A9}.Debug|Any CPU.ActiveCfg = Debug|Any CPU
		{A2F9B156-3B15-4A07-B157-328F8D97B1A9}.Debug|Any CPU.Build.0 = Debug|Any CPU
		{A2F9B156-3B15-4A07-B157-328F8D97B1A9}.Release|Any CPU.ActiveCfg = Release|Any CPU
		{A2F9B156-3B15-4A07-B157-328F8D97B1A9}.Release|Any CPU.Build.0 = Release|Any CPU
		{995F251A-EA78-4C1B-AF35-E5B41A2C1E40}.Debug|Any CPU.ActiveCfg = Debug|Any CPU
		{995F251A-EA78-4C1B-AF35-E5B41A2C1E40}.Debug|Any CPU.Build.0 = Debug|Any CPU
		{995F251A-EA78-4C1B-AF35-E5B41A2C1E40}.Release|Any CPU.ActiveCfg = Release|Any CPU
		{995F251A-EA78-4C1B-AF35-E5B41A2C1E40}.Release|Any CPU.Build.0 = Release|Any CPU
		{AB9B5DDF-E724-47BC-ACB6-A1C911717AEA}.Debug|Any CPU.ActiveCfg = Debug|Any CPU
		{AB9B5DDF-E724-47BC-ACB6-A1C911717AEA}.Debug|Any CPU.Build.0 = Debug|Any CPU
		{AB9B5DDF-E724-47BC-ACB6-A1C911717AEA}.Release|Any CPU.ActiveCfg = Release|Any CPU
		{AB9B5DDF-E724-47BC-ACB6-A1C911717AEA}.Release|Any CPU.Build.0 = Release|Any CPU
		{7FC191AD-E24C-4CA9-89AB-E215FB0E8FB6}.Debug|Any CPU.ActiveCfg = Debug|Any CPU
		{7FC191AD-E24C-4CA9-89AB-E215FB0E8FB6}.Debug|Any CPU.Build.0 = Debug|Any CPU
		{7FC191AD-E24C-4CA9-89AB-E215FB0E8FB6}.Release|Any CPU.ActiveCfg = Release|Any CPU
		{7FC191AD-E24C-4CA9-89AB-E215FB0E8FB6}.Release|Any CPU.Build.0 = Release|Any CPU
	EndGlobalSection
	GlobalSection(SolutionProperties) = preSolution
		HideSolutionNode = FALSE
	EndGlobalSection
	GlobalSection(NestedProjects) = preSolution
		{3B362ACA-B825-447F-AC8F-9BC29258F673} = {02EA681E-C7D8-13C7-8484-4AC65E1B71E8}
		{5C364D51-7E7B-45E5-916A-5E5716ECFE83} = {3B362ACA-B825-447F-AC8F-9BC29258F673}
		{2DDB675F-7827-4AA9-938E-A39C3D7E8AAD} = {3B362ACA-B825-447F-AC8F-9BC29258F673}
		{01809D6D-2C4A-4606-817A-67AD50DE974E} = {3B362ACA-B825-447F-AC8F-9BC29258F673}
		{99F72010-4666-478F-89BB-2F8B01CC983F} = {3B362ACA-B825-447F-AC8F-9BC29258F673}
		{E5B35BAD-E98C-41C9-B2B8-76FC0F17D9E7} = {02EA681E-C7D8-13C7-8484-4AC65E1B71E8}
		{A2F9B156-3B15-4A07-B157-328F8D97B1A9} = {E5B35BAD-E98C-41C9-B2B8-76FC0F17D9E7}
		{995F251A-EA78-4C1B-AF35-E5B41A2C1E40} = {E5B35BAD-E98C-41C9-B2B8-76FC0F17D9E7}
		{AB9B5DDF-E724-47BC-ACB6-A1C911717AEA} = {E5B35BAD-E98C-41C9-B2B8-76FC0F17D9E7}
		{7FC191AD-E24C-4CA9-89AB-E215FB0E8FB6} = {E5B35BAD-E98C-41C9-B2B8-76FC0F17D9E7}
	EndGlobalSection
	GlobalSection(ExtensibilityGlobals) = postSolution
		SolutionGuid = {4A562187-8BF7-4222-922D-9C9739D0390A}
	EndGlobalSection
EndGlobal
